
Microsoft Visual Studio Solution File, Format Version 12.00
# Visual Studio Version 17
VisualStudioVersion = 17.14.36623.8
MinimumVisualStudioVersion = 10.0.40219.1
Project("{FAE04EC0-301F-11D3-BF4B-00C04F79EFBC}") = "VehicleAppWebApi", "VehicleApp2\VehicleAppWebApi.csproj", "{80378075-6EAA-4333-9574-20268826C491}"
EndProject
Project("{2150E333-8FDC-42A3-9474-1A3956D46DE8}") = "WebApi", "WebApi", "{02EA681E-C7D8-13C7-8484-4AC65E1B71E8}"
EndProject
Project("{2150E333-8FDC-42A3-9474-1A3956D46DE8}") = "Common", "Common", "{74D5F234-8426-41E4-A09E-FFD0CB618430}"
EndProject
Project("{2150E333-8FDC-42A3-9474-1A3956D46DE8}") = "DAL", "DAL", "{3C55027B-BD8E-4ED0-852A-0BA1A532C38F}"
EndProject
Project("{2150E333-8FDC-42A3-9474-1A3956D46DE8}") = "Model", "Model", "{10270CDB-89F0-442C-AFF8-766A60BEC77C}"
EndProject
Project("{2150E333-8FDC-42A3-9474-1A3956D46DE8}") = "Repository", "Repository", "{C01E7D3D-5181-4CB2-B9C5-586D273FBC5E}"
EndProject
Project("{2150E333-8FDC-42A3-9474-1A3956D46DE8}") = "Service", "Service", "{6C897C5E-EC17-40B2-BABD-16DE5198BD77}"
EndProject
Project("{FAE04EC0-301F-11D3-BF4B-00C04F79EFBC}") = "VehicleApp.DAL", "VehicleApp.DAL\VehicleApp.DAL.csproj", "{EB75BAB4-4033-4B4F-B6C5-7B7BEFAE625C}"
EndProject
Project("{FAE04EC0-301F-11D3-BF4B-00C04F79EFBC}") = "VehicleApp.Model.Common", "VehicleApp.Model.Common\VehicleApp.Model.Common.csproj", "{3B98F148-88A1-41D8-B9BB-72F4F4D5F1F9}"
EndProject
Project("{FAE04EC0-301F-11D3-BF4B-00C04F79EFBC}") = "VehicleApp.Model", "VehicleApp.Model\VehicleApp.Model.csproj", "{59530624-E8C6-4C9D-97C0-5AFC9329355A}"
EndProject
Project("{FAE04EC0-301F-11D3-BF4B-00C04F79EFBC}") = "VehicleApp.Repository.Common", "VehicleApp.Repository.Common\VehicleApp.Repository.Common.csproj", "{5B60F0C3-C29C-49ED-BF5B-65484D9F4EF5}"
EndProject
Project("{FAE04EC0-301F-11D3-BF4B-00C04F79EFBC}") = "VehicleApp.Repository", "VehicleApp.Repository\VehicleApp.Repository.csproj", "{A5F644AA-F277-44C1-ABED-45A4D959DD6E}"
EndProject
Project("{FAE04EC0-301F-11D3-BF4B-00C04F79EFBC}") = "VehicleApp.Service", "VehicleApp.Service\VehicleApp.Service.csproj", "{F6008DC0-BDB7-414A-BE08-67673DB8C7B6}"
EndProject
Project("{FAE04EC0-301F-11D3-BF4B-00C04F79EFBC}") = "VehicleApp.Service.Common", "VehicleApp.Service.Common\VehicleApp.Service.Common.csproj", "{71C43C0D-5071-4EF0-AEF8-316FC1F8FFCD}"
EndProject
Project("{FAE04EC0-301F-11D3-BF4B-00C04F79EFBC}") = "VehicleApp.Common", "VehicleApp.Common\VehicleApp.Common.csproj", "{E548F03C-8E33-4158-A943-1156970CF551}"
EndProject
Global
	GlobalSection(SolutionConfigurationPlatforms) = preSolution
		Debug|Any CPU = Debug|Any CPU
		Release|Any CPU = Release|Any CPU
	EndGlobalSection
	GlobalSection(ProjectConfigurationPlatforms) = postSolution
		{80378075-6EAA-4333-9574-20268826C491}.Debug|Any CPU.ActiveCfg = Debug|Any CPU
		{80378075-6EAA-4333-9574-20268826C491}.Debug|Any CPU.Build.0 = Debug|Any CPU
		{80378075-6EAA-4333-9574-20268826C491}.Release|Any CPU.ActiveCfg = Release|Any CPU
		{80378075-6EAA-4333-9574-20268826C491}.Release|Any CPU.Build.0 = Release|Any CPU
		{EB75BAB4-4033-4B4F-B6C5-7B7BEFAE625C}.Debug|Any CPU.ActiveCfg = Debug|Any CPU
		{EB75BAB4-4033-4B4F-B6C5-7B7BEFAE625C}.Debug|Any CPU.Build.0 = Debug|Any CPU
		{EB75BAB4-4033-4B4F-B6C5-7B7BEFAE625C}.Release|Any CPU.ActiveCfg = Release|Any CPU
		{EB75BAB4-4033-4B4F-B6C5-7B7BEFAE625C}.Release|Any CPU.Build.0 = Release|Any CPU
		{3B98F148-88A1-41D8-B9BB-72F4F4D5F1F9}.Debug|Any CPU.ActiveCfg = Debug|Any CPU
		{3B98F148-88A1-41D8-B9BB-72F4F4D5F1F9}.Debug|Any CPU.Build.0 = Debug|Any CPU
		{3B98F148-88A1-41D8-B9BB-72F4F4D5F1F9}.Release|Any CPU.ActiveCfg = Release|Any CPU
		{3B98F148-88A1-41D8-B9BB-72F4F4D5F1F9}.Release|Any CPU.Build.0 = Release|Any CPU
		{59530624-E8C6-4C9D-97C0-5AFC9329355A}.Debug|Any CPU.ActiveCfg = Debug|Any CPU
		{59530624-E8C6-4C9D-97C0-5AFC9329355A}.Debug|Any CPU.Build.0 = Debug|Any CPU
		{59530624-E8C6-4C9D-97C0-5AFC9329355A}.Release|Any CPU.ActiveCfg = Release|Any CPU
		{59530624-E8C6-4C9D-97C0-5AFC9329355A}.Release|Any CPU.Build.0 = Release|Any CPU
		{5B60F0C3-C29C-49ED-BF5B-65484D9F4EF5}.Debug|Any CPU.ActiveCfg = Debug|Any CPU
		{5B60F0C3-C29C-49ED-BF5B-65484D9F4EF5}.Debug|Any CPU.Build.0 = Debug|Any CPU
		{5B60F0C3-C29C-49ED-BF5B-65484D9F4EF5}.Release|Any CPU.ActiveCfg = Release|Any CPU
		{5B60F0C3-C29C-49ED-BF5B-65484D9F4EF5}.Release|Any CPU.Build.0 = Release|Any CPU
		{A5F644AA-F277-44C1-ABED-45A4D959DD6E}.Debug|Any CPU.ActiveCfg = Debug|Any CPU
		{A5F644AA-F277-44C1-ABED-45A4D959DD6E}.Debug|Any CPU.Build.0 = Debug|Any CPU
		{A5F644AA-F277-44C1-ABED-45A4D959DD6E}.Release|Any CPU.ActiveCfg = Release|Any CPU
		{A5F644AA-F277-44C1-ABED-45A4D959DD6E}.Release|Any CPU.Build.0 = Release|Any CPU
		{F6008DC0-BDB7-414A-BE08-67673DB8C7B6}.Debug|Any CPU.ActiveCfg = Debug|Any CPU
		{F6008DC0-BDB7-414A-BE08-67673DB8C7B6}.Debug|Any CPU.Build.0 = Debug|Any CPU
		{F6008DC0-BDB7-414A-BE08-67673DB8C7B6}.Release|Any CPU.ActiveCfg = Release|Any CPU
		{F6008DC0-BDB7-414A-BE08-67673DB8C7B6}.Release|Any CPU.Build.0 = Release|Any CPU
		{71C43C0D-5071-4EF0-AEF8-316FC1F8FFCD}.Debug|Any CPU.ActiveCfg = Debug|Any CPU
		{71C43C0D-5071-4EF0-AEF8-316FC1F8FFCD}.Debug|Any CPU.Build.0 = Debug|Any CPU
		{71C43C0D-5071-4EF0-AEF8-316FC1F8FFCD}.Release|Any CPU.ActiveCfg = Release|Any CPU
		{71C43C0D-5071-4EF0-AEF8-316FC1F8FFCD}.Release|Any CPU.Build.0 = Release|Any CPU
		{E548F03C-8E33-4158-A943-1156970CF551}.Debug|Any CPU.ActiveCfg = Debug|Any CPU
		{E548F03C-8E33-4158-A943-1156970CF551}.Debug|Any CPU.Build.0 = Debug|Any CPU
		{E548F03C-8E33-4158-A943-1156970CF551}.Release|Any CPU.ActiveCfg = Release|Any CPU
		{E548F03C-8E33-4158-A943-1156970CF551}.Release|Any CPU.Build.0 = Release|Any CPU
	EndGlobalSection
	GlobalSection(SolutionProperties) = preSolution
		HideSolutionNode = FALSE
	EndGlobalSection
	GlobalSection(NestedProjects) = preSolution
		{80378075-6EAA-4333-9574-20268826C491} = {02EA681E-C7D8-13C7-8484-4AC65E1B71E8}
		{EB75BAB4-4033-4B4F-B6C5-7B7BEFAE625C} = {3C55027B-BD8E-4ED0-852A-0BA1A532C38F}
		{3B98F148-88A1-41D8-B9BB-72F4F4D5F1F9} = {10270CDB-89F0-442C-AFF8-766A60BEC77C}
		{59530624-E8C6-4C9D-97C0-5AFC9329355A} = {10270CDB-89F0-442C-AFF8-766A60BEC77C}
		{5B60F0C3-C29C-49ED-BF5B-65484D9F4EF5} = {C01E7D3D-5181-4CB2-B9C5-586D273FBC5E}
		{A5F644AA-F277-44C1-ABED-45A4D959DD6E} = {C01E7D3D-5181-4CB2-B9C5-586D273FBC5E}
		{F6008DC0-BDB7-414A-BE08-67673DB8C7B6} = {6C897C5E-EC17-40B2-BABD-16DE5198BD77}
		{71C43C0D-5071-4EF0-AEF8-316FC1F8FFCD} = {6C897C5E-EC17-40B2-BABD-16DE5198BD77}
		{E548F03C-8E33-4158-A943-1156970CF551} = {74D5F234-8426-41E4-A09E-FFD0CB618430}
	EndGlobalSection
	GlobalSection(ExtensibilityGlobals) = postSolution
		SolutionGuid = {B0C4DA96-B108-4450-9675-B7E8082899D6}
	EndGlobalSection
EndGlobal
